
Microsoft Visual Studio Solution File, Format Version 12.00
# Visual Studio Version 16
VisualStudioVersion = 16.0.32106.194
MinimumVisualStudioVersion = 10.0.40219.1
Project("{FAE04EC0-301F-11D3-BF4B-00C04F79EFBC}") = "Cau 1", "Cau 1\Cau 1.csproj", "{DA6D3F69-E365-42A5-A739-424869D19D7C}"
EndProject
Global
	GlobalSection(SolutionConfigurationPlatforms) = preSolution
		Debug|Any CPU = Debug|Any CPU
		Release|Any CPU = Release|Any CPU
	EndGlobalSection
	GlobalSection(ProjectConfigurationPlatforms) = postSolution
		{DA6D3F69-E365-42A5-A739-424869D19D7C}.Debug|Any CPU.ActiveCfg = Debug|Any CPU
		{DA6D3F69-E365-42A5-A739-424869D19D7C}.Debug|Any CPU.Build.0 = Debug|Any CPU
		{DA6D3F69-E365-42A5-A739-424869D19D7C}.Release|Any CPU.ActiveCfg = Release|Any CPU
		{DA6D3F69-E365-42A5-A739-424869D19D7C}.Release|Any CPU.Build.0 = Release|Any CPU
	EndGlobalSection
	GlobalSection(SolutionProperties) = preSolution
		HideSolutionNode = FALSE
	EndGlobalSection
	GlobalSection(ExtensibilityGlobals) = postSolution
		SolutionGuid = {D4452A24-5336-4C2D-81D0-D1B1E9AF3C9A}
	EndGlobalSection
EndGlobal
